// !$*UTF8*$!
{
	archiveVersion = 1;
	classes = {
	};
	objectVersion = 56;
	objects = {

/* Begin PBXBuildFile section */
		48818EC22BD20B940066F37D /* ArticleModel.swift in Sources */ = {isa = PBXBuildFile; fileRef = 48818EC12BD20B940066F37D /* ArticleModel.swift */; };
		48818EC52BD20BB90066F37D /* Extensions.swift in Sources */ = {isa = PBXBuildFile; fileRef = 48818EC42BD20BB90066F37D /* Extensions.swift */; };
		48818EC72BD20BC80066F37D /* SourceModel.swift in Sources */ = {isa = PBXBuildFile; fileRef = 48818EC62BD20BC80066F37D /* SourceModel.swift */; };
		48818ECA2BD21E700066F37D /* CacheImages+CoreDataClass.swift in Sources */ = {isa = PBXBuildFile; fileRef = 48818EC82BD21E700066F37D /* CacheImages+CoreDataClass.swift */; };
		48818ECB2BD21E700066F37D /* CacheImages+CoreDataProperties.swift in Sources */ = {isa = PBXBuildFile; fileRef = 48818EC92BD21E700066F37D /* CacheImages+CoreDataProperties.swift */; };
		48818ED02BD23A590066F37D /* WebViewController.swift in Sources */ = {isa = PBXBuildFile; fileRef = 48818ECF2BD23A590066F37D /* WebViewController.swift */; };
		48818ED22BD25D4D0066F37D /* NetworkMonitorManager.swift in Sources */ = {isa = PBXBuildFile; fileRef = 48818ED12BD25D4D0066F37D /* NetworkMonitorManager.swift */; };
		48B470EE2BD114EC00F84018 /* ApiModel.swift in Sources */ = {isa = PBXBuildFile; fileRef = 48B470ED2BD114EC00F84018 /* ApiModel.swift */; };
		48B470F02BD1195A00F84018 /* MainViewReactor.swift in Sources */ = {isa = PBXBuildFile; fileRef = 48B470EF2BD1195A00F84018 /* MainViewReactor.swift */; };
		48B470F22BD11A2900F84018 /* MainCollectionCell.swift in Sources */ = {isa = PBXBuildFile; fileRef = 48B470F12BD11A2900F84018 /* MainCollectionCell.swift */; };
		48B470F52BD11E1B00F84018 /* RxBlocking in Frameworks */ = {isa = PBXBuildFile; productRef = 48B470F42BD11E1B00F84018 /* RxBlocking */; };
		48B470F72BD11E1B00F84018 /* RxBlocking-Dynamic in Frameworks */ = {isa = PBXBuildFile; productRef = 48B470F62BD11E1B00F84018 /* RxBlocking-Dynamic */; };
		48B470F92BD11E1B00F84018 /* RxCocoa in Frameworks */ = {isa = PBXBuildFile; productRef = 48B470F82BD11E1B00F84018 /* RxCocoa */; };
		48B470FB2BD11E1B00F84018 /* RxCocoa-Dynamic in Frameworks */ = {isa = PBXBuildFile; productRef = 48B470FA2BD11E1B00F84018 /* RxCocoa-Dynamic */; };
		48B470FD2BD11E1B00F84018 /* RxRelay in Frameworks */ = {isa = PBXBuildFile; productRef = 48B470FC2BD11E1B00F84018 /* RxRelay */; };
		48B471082BD1301900F84018 /* CoreDataManager.swift in Sources */ = {isa = PBXBuildFile; fileRef = 48B471072BD1301900F84018 /* CoreDataManager.swift */; };
		48D8BCB62BD130FE0082BF89 /* millie_test.xcdatamodeld in Sources */ = {isa = PBXBuildFile; fileRef = 48F017932BD107B9002F70E5 /* millie_test.xcdatamodeld */; };
		48F0178B2BD107B9002F70E5 /* AppDelegate.swift in Sources */ = {isa = PBXBuildFile; fileRef = 48F0178A2BD107B9002F70E5 /* AppDelegate.swift */; };
		48F0178D2BD107B9002F70E5 /* SceneDelegate.swift in Sources */ = {isa = PBXBuildFile; fileRef = 48F0178C2BD107B9002F70E5 /* SceneDelegate.swift */; };
		48F0178F2BD107B9002F70E5 /* MainViewController.swift in Sources */ = {isa = PBXBuildFile; fileRef = 48F0178E2BD107B9002F70E5 /* MainViewController.swift */; };
		48F017922BD107B9002F70E5 /* Main.storyboard in Resources */ = {isa = PBXBuildFile; fileRef = 48F017902BD107B9002F70E5 /* Main.storyboard */; };
		48F017972BD107BA002F70E5 /* Assets.xcassets in Resources */ = {isa = PBXBuildFile; fileRef = 48F017962BD107BA002F70E5 /* Assets.xcassets */; };
		48F0179A2BD107BA002F70E5 /* LaunchScreen.storyboard in Resources */ = {isa = PBXBuildFile; fileRef = 48F017982BD107BA002F70E5 /* LaunchScreen.storyboard */; };
		48F017AB2BD10D8C002F70E5 /* ReactorKit in Frameworks */ = {isa = PBXBuildFile; productRef = 48F017AA2BD10D8C002F70E5 /* ReactorKit */; };
		48F017B02BD10E0B002F70E5 /* NetworkManager.swift in Sources */ = {isa = PBXBuildFile; fileRef = 48F017AF2BD10E0B002F70E5 /* NetworkManager.swift */; };
/* End PBXBuildFile section */

/* Begin PBXFileReference section */
		48818EC12BD20B940066F37D /* ArticleModel.swift */ = {isa = PBXFileReference; lastKnownFileType = sourcecode.swift; path = ArticleModel.swift; sourceTree = "<group>"; };
		48818EC42BD20BB90066F37D /* Extensions.swift */ = {isa = PBXFileReference; lastKnownFileType = sourcecode.swift; path = Extensions.swift; sourceTree = "<group>"; };
		48818EC62BD20BC80066F37D /* SourceModel.swift */ = {isa = PBXFileReference; lastKnownFileType = sourcecode.swift; path = SourceModel.swift; sourceTree = "<group>"; };
		48818EC82BD21E700066F37D /* CacheImages+CoreDataClass.swift */ = {isa = PBXFileReference; lastKnownFileType = sourcecode.swift; path = "CacheImages+CoreDataClass.swift"; sourceTree = "<group>"; };
		48818EC92BD21E700066F37D /* CacheImages+CoreDataProperties.swift */ = {isa = PBXFileReference; lastKnownFileType = sourcecode.swift; path = "CacheImages+CoreDataProperties.swift"; sourceTree = "<group>"; };
		48818ECF2BD23A590066F37D /* WebViewController.swift */ = {isa = PBXFileReference; lastKnownFileType = sourcecode.swift; path = WebViewController.swift; sourceTree = "<group>"; };
		48818ED12BD25D4D0066F37D /* NetworkMonitorManager.swift */ = {isa = PBXFileReference; lastKnownFileType = sourcecode.swift; path = NetworkMonitorManager.swift; sourceTree = "<group>"; };
		48B470ED2BD114EC00F84018 /* ApiModel.swift */ = {isa = PBXFileReference; lastKnownFileType = sourcecode.swift; path = ApiModel.swift; sourceTree = "<group>"; };
		48B470EF2BD1195A00F84018 /* MainViewReactor.swift */ = {isa = PBXFileReference; lastKnownFileType = sourcecode.swift; path = MainViewReactor.swift; sourceTree = "<group>"; };
		48B470F12BD11A2900F84018 /* MainCollectionCell.swift */ = {isa = PBXFileReference; lastKnownFileType = sourcecode.swift; path = MainCollectionCell.swift; sourceTree = "<group>"; };
		48B471072BD1301900F84018 /* CoreDataManager.swift */ = {isa = PBXFileReference; lastKnownFileType = sourcecode.swift; path = CoreDataManager.swift; sourceTree = "<group>"; };
		48F017872BD107B9002F70E5 /* millie_test.app */ = {isa = PBXFileReference; explicitFileType = wrapper.application; includeInIndex = 0; path = millie_test.app; sourceTree = BUILT_PRODUCTS_DIR; };
		48F0178A2BD107B9002F70E5 /* AppDelegate.swift */ = {isa = PBXFileReference; lastKnownFileType = sourcecode.swift; path = AppDelegate.swift; sourceTree = "<group>"; };
		48F0178C2BD107B9002F70E5 /* SceneDelegate.swift */ = {isa = PBXFileReference; lastKnownFileType = sourcecode.swift; path = SceneDelegate.swift; sourceTree = "<group>"; };
		48F0178E2BD107B9002F70E5 /* MainViewController.swift */ = {isa = PBXFileReference; lastKnownFileType = sourcecode.swift; path = MainViewController.swift; sourceTree = "<group>"; };
		48F017912BD107B9002F70E5 /* Base */ = {isa = PBXFileReference; lastKnownFileType = file.storyboard; name = Base; path = Base.lproj/Main.storyboard; sourceTree = "<group>"; };
		48F017942BD107B9002F70E5 /* millie_test.xcdatamodel */ = {isa = PBXFileReference; lastKnownFileType = wrapper.xcdatamodel; path = millie_test.xcdatamodel; sourceTree = "<group>"; };
		48F017962BD107BA002F70E5 /* Assets.xcassets */ = {isa = PBXFileReference; lastKnownFileType = folder.assetcatalog; path = Assets.xcassets; sourceTree = "<group>"; };
		48F017992BD107BA002F70E5 /* Base */ = {isa = PBXFileReference; lastKnownFileType = file.storyboard; name = Base; path = Base.lproj/LaunchScreen.storyboard; sourceTree = "<group>"; };
		48F0179B2BD107BA002F70E5 /* Info.plist */ = {isa = PBXFileReference; lastKnownFileType = text.plist.xml; path = Info.plist; sourceTree = "<group>"; };
		48F017AF2BD10E0B002F70E5 /* NetworkManager.swift */ = {isa = PBXFileReference; lastKnownFileType = sourcecode.swift; path = NetworkManager.swift; sourceTree = "<group>"; };
/* End PBXFileReference section */

/* Begin PBXFrameworksBuildPhase section */
		48F017842BD107B9002F70E5 /* Frameworks */ = {
			isa = PBXFrameworksBuildPhase;
			buildActionMask = 2147483647;
			files = (
				48B470F52BD11E1B00F84018 /* RxBlocking in Frameworks */,
				48B470FD2BD11E1B00F84018 /* RxRelay in Frameworks */,
				48B470F92BD11E1B00F84018 /* RxCocoa in Frameworks */,
				48F017AB2BD10D8C002F70E5 /* ReactorKit in Frameworks */,
				48B470FB2BD11E1B00F84018 /* RxCocoa-Dynamic in Frameworks */,
				48B470F72BD11E1B00F84018 /* RxBlocking-Dynamic in Frameworks */,
			);
			runOnlyForDeploymentPostprocessing = 0;
		};
/* End PBXFrameworksBuildPhase section */

/* Begin PBXGroup section */
		48818EBF2BD20B680066F37D /* Managers */ = {
			isa = PBXGroup;
			children = (
				48F017AF2BD10E0B002F70E5 /* NetworkManager.swift */,
				48818ED12BD25D4D0066F37D /* NetworkMonitorManager.swift */,
				48B471072BD1301900F84018 /* CoreDataManager.swift */,
			);
			path = Managers;
			sourceTree = "<group>";
		};
		48818EC02BD20B790066F37D /* Models */ = {
			isa = PBXGroup;
			children = (
				48B470ED2BD114EC00F84018 /* ApiModel.swift */,
				48818EC12BD20B940066F37D /* ArticleModel.swift */,
				48818EC62BD20BC80066F37D /* SourceModel.swift */,
			);
			path = Models;
			sourceTree = "<group>";
		};
		48818EC32BD20BAF0066F37D /* Extension */ = {
			isa = PBXGroup;
			children = (
				48818EC42BD20BB90066F37D /* Extensions.swift */,
			);
			path = Extension;
			sourceTree = "<group>";
		};
		48818ECC2BD23A380066F37D /* MainView */ = {
			isa = PBXGroup;
			children = (
				48818ECD2BD23A3E0066F37D /* Cell */,
				48F0178E2BD107B9002F70E5 /* MainViewController.swift */,
				48B470EF2BD1195A00F84018 /* MainViewReactor.swift */,
			);
			path = MainView;
			sourceTree = "<group>";
		};
		48818ECD2BD23A3E0066F37D /* Cell */ = {
			isa = PBXGroup;
			children = (
				48B470F12BD11A2900F84018 /* MainCollectionCell.swift */,
			);
			path = Cell;
			sourceTree = "<group>";
		};
		48818ECE2BD23A470066F37D /* WebView */ = {
			isa = PBXGroup;
			children = (
				48818ECF2BD23A590066F37D /* WebViewController.swift */,
			);
			path = WebView;
			sourceTree = "<group>";
		};
		48F0177E2BD107B9002F70E5 = {
			isa = PBXGroup;
			children = (
				48F017892BD107B9002F70E5 /* millie_test */,
				48F017882BD107B9002F70E5 /* Products */,
			);
			sourceTree = "<group>";
		};
		48F017882BD107B9002F70E5 /* Products */ = {
			isa = PBXGroup;
			children = (
				48F017872BD107B9002F70E5 /* millie_test.app */,
			);
			name = Products;
			sourceTree = "<group>";
		};
		48F017892BD107B9002F70E5 /* millie_test */ = {
			isa = PBXGroup;
			children = (
				48818EC82BD21E700066F37D /* CacheImages+CoreDataClass.swift */,
				48818EC92BD21E700066F37D /* CacheImages+CoreDataProperties.swift */,
				48F0178A2BD107B9002F70E5 /* AppDelegate.swift */,
				48F0178C2BD107B9002F70E5 /* SceneDelegate.swift */,
				48818EBF2BD20B680066F37D /* Managers */,
				48818EC02BD20B790066F37D /* Models */,
				48818EC32BD20BAF0066F37D /* Extension */,
				48818ECC2BD23A380066F37D /* MainView */,
				48818ECE2BD23A470066F37D /* WebView */,
				48F017902BD107B9002F70E5 /* Main.storyboard */,
				48F017962BD107BA002F70E5 /* Assets.xcassets */,
				48F017982BD107BA002F70E5 /* LaunchScreen.storyboard */,
				48F0179B2BD107BA002F70E5 /* Info.plist */,
				48F017932BD107B9002F70E5 /* millie_test.xcdatamodeld */,
			);
			path = millie_test;
			sourceTree = "<group>";
		};
/* End PBXGroup section */

/* Begin PBXNativeTarget section */
		48F017862BD107B9002F70E5 /* millie_test */ = {
			isa = PBXNativeTarget;
			buildConfigurationList = 48F0179E2BD107BA002F70E5 /* Build configuration list for PBXNativeTarget "millie_test" */;
			buildPhases = (
				48F017832BD107B9002F70E5 /* Sources */,
				48F017842BD107B9002F70E5 /* Frameworks */,
				48F017852BD107B9002F70E5 /* Resources */,
			);
			buildRules = (
			);
			dependencies = (
			);
			name = millie_test;
			packageProductDependencies = (
				48F017AA2BD10D8C002F70E5 /* ReactorKit */,
				48B470F42BD11E1B00F84018 /* RxBlocking */,
				48B470F62BD11E1B00F84018 /* RxBlocking-Dynamic */,
				48B470F82BD11E1B00F84018 /* RxCocoa */,
				48B470FA2BD11E1B00F84018 /* RxCocoa-Dynamic */,
				48B470FC2BD11E1B00F84018 /* RxRelay */,
			);
			productName = millie_test;
			productReference = 48F017872BD107B9002F70E5 /* millie_test.app */;
			productType = "com.apple.product-type.application";
		};
/* End PBXNativeTarget section */

/* Begin PBXProject section */
		48F0177F2BD107B9002F70E5 /* Project object */ = {
			isa = PBXProject;
			attributes = {
				BuildIndependentTargetsInParallel = 1;
				LastSwiftUpdateCheck = 1520;
				LastUpgradeCheck = 1520;
				TargetAttributes = {
					48F017862BD107B9002F70E5 = {
						CreatedOnToolsVersion = 15.2;
					};
				};
			};
			buildConfigurationList = 48F017822BD107B9002F70E5 /* Build configuration list for PBXProject "millie_test" */;
			compatibilityVersion = "Xcode 14.0";
			developmentRegion = en;
			hasScannedForEncodings = 0;
			knownRegions = (
				en,
				Base,
			);
			mainGroup = 48F0177E2BD107B9002F70E5;
			packageReferences = (
				48F017A92BD10D8C002F70E5 /* XCRemoteSwiftPackageReference "ReactorKit" */,
				48B470F32BD11E1B00F84018 /* XCRemoteSwiftPackageReference "RxSwift" */,
			);
			productRefGroup = 48F017882BD107B9002F70E5 /* Products */;
			projectDirPath = "";
			projectRoot = "";
			targets = (
				48F017862BD107B9002F70E5 /* millie_test */,
			);
		};
/* End PBXProject section */

/* Begin PBXResourcesBuildPhase section */
		48F017852BD107B9002F70E5 /* Resources */ = {
			isa = PBXResourcesBuildPhase;
			buildActionMask = 2147483647;
			files = (
				48F0179A2BD107BA002F70E5 /* LaunchScreen.storyboard in Resources */,
				48F017972BD107BA002F70E5 /* Assets.xcassets in Resources */,
				48F017922BD107B9002F70E5 /* Main.storyboard in Resources */,
			);
			runOnlyForDeploymentPostprocessing = 0;
		};
/* End PBXResourcesBuildPhase section */

/* Begin PBXSourcesBuildPhase section */
		48F017832BD107B9002F70E5 /* Sources */ = {
			isa = PBXSourcesBuildPhase;
			buildActionMask = 2147483647;
			files = (
				48818EC22BD20B940066F37D /* ArticleModel.swift in Sources */,
				48818EC72BD20BC80066F37D /* SourceModel.swift in Sources */,
				48818ECA2BD21E700066F37D /* CacheImages+CoreDataClass.swift in Sources */,
				48D8BCB62BD130FE0082BF89 /* millie_test.xcdatamodeld in Sources */,
				48F0178F2BD107B9002F70E5 /* MainViewController.swift in Sources */,
				48F0178B2BD107B9002F70E5 /* AppDelegate.swift in Sources */,
				48B470F02BD1195A00F84018 /* MainViewReactor.swift in Sources */,
				48F017B02BD10E0B002F70E5 /* NetworkManager.swift in Sources */,
				48818EC52BD20BB90066F37D /* Extensions.swift in Sources */,
				48B470F22BD11A2900F84018 /* MainCollectionCell.swift in Sources */,
				48818ECB2BD21E700066F37D /* CacheImages+CoreDataProperties.swift in Sources */,
				48F0178D2BD107B9002F70E5 /* SceneDelegate.swift in Sources */,
				48B471082BD1301900F84018 /* CoreDataManager.swift in Sources */,
				48B470EE2BD114EC00F84018 /* ApiModel.swift in Sources */,
				48818ED22BD25D4D0066F37D /* NetworkMonitorManager.swift in Sources */,
				48818ED02BD23A590066F37D /* WebViewController.swift in Sources */,
			);
			runOnlyForDeploymentPostprocessing = 0;
		};
/* End PBXSourcesBuildPhase section */

/* Begin PBXVariantGroup section */
		48F017902BD107B9002F70E5 /* Main.storyboard */ = {
			isa = PBXVariantGroup;
			children = (
				48F017912BD107B9002F70E5 /* Base */,
			);
			name = Main.storyboard;
			sourceTree = "<group>";
		};
		48F017982BD107BA002F70E5 /* LaunchScreen.storyboard */ = {
			isa = PBXVariantGroup;
			children = (
				48F017992BD107BA002F70E5 /* Base */,
			);
			name = LaunchScreen.storyboard;
			sourceTree = "<group>";
		};
/* End PBXVariantGroup section */

/* Begin XCBuildConfiguration section */
		48F0179C2BD107BA002F70E5 /* Debug */ = {
			isa = XCBuildConfiguration;
			buildSettings = {
				ALWAYS_SEARCH_USER_PATHS = NO;
				ASSETCATALOG_COMPILER_GENERATE_SWIFT_ASSET_SYMBOL_EXTENSIONS = YES;
				CLANG_ANALYZER_NONNULL = YES;
				CLANG_ANALYZER_NUMBER_OBJECT_CONVERSION = YES_AGGRESSIVE;
				CLANG_CXX_LANGUAGE_STANDARD = "gnu++20";
				CLANG_ENABLE_MODULES = YES;
				CLANG_ENABLE_OBJC_ARC = YES;
				CLANG_ENABLE_OBJC_WEAK = YES;
				CLANG_WARN_BLOCK_CAPTURE_AUTORELEASING = YES;
				CLANG_WARN_BOOL_CONVERSION = YES;
				CLANG_WARN_COMMA = YES;
				CLANG_WARN_CONSTANT_CONVERSION = YES;
				CLANG_WARN_DEPRECATED_OBJC_IMPLEMENTATIONS = YES;
				CLANG_WARN_DIRECT_OBJC_ISA_USAGE = YES_ERROR;
				CLANG_WARN_DOCUMENTATION_COMMENTS = YES;
				CLANG_WARN_EMPTY_BODY = YES;
				CLANG_WARN_ENUM_CONVERSION = YES;
				CLANG_WARN_INFINITE_RECURSION = YES;
				CLANG_WARN_INT_CONVERSION = YES;
				CLANG_WARN_NON_LITERAL_NULL_CONVERSION = YES;
				CLANG_WARN_OBJC_IMPLICIT_RETAIN_SELF = YES;
				CLANG_WARN_OBJC_LITERAL_CONVERSION = YES;
				CLANG_WARN_OBJC_ROOT_CLASS = YES_ERROR;
				CLANG_WARN_QUOTED_INCLUDE_IN_FRAMEWORK_HEADER = YES;
				CLANG_WARN_RANGE_LOOP_ANALYSIS = YES;
				CLANG_WARN_STRICT_PROTOTYPES = YES;
				CLANG_WARN_SUSPICIOUS_MOVE = YES;
				CLANG_WARN_UNGUARDED_AVAILABILITY = YES_AGGRESSIVE;
				CLANG_WARN_UNREACHABLE_CODE = YES;
				CLANG_WARN__DUPLICATE_METHOD_MATCH = YES;
				COPY_PHASE_STRIP = NO;
				DEBUG_INFORMATION_FORMAT = dwarf;
				ENABLE_STRICT_OBJC_MSGSEND = YES;
				ENABLE_TESTABILITY = YES;
				ENABLE_USER_SCRIPT_SANDBOXING = YES;
				GCC_C_LANGUAGE_STANDARD = gnu17;
				GCC_DYNAMIC_NO_PIC = NO;
				GCC_NO_COMMON_BLOCKS = YES;
				GCC_OPTIMIZATION_LEVEL = 0;
				GCC_PREPROCESSOR_DEFINITIONS = (
					"DEBUG=1",
					"$(inherited)",
				);
				GCC_WARN_64_TO_32_BIT_CONVERSION = YES;
				GCC_WARN_ABOUT_RETURN_TYPE = YES_ERROR;
				GCC_WARN_UNDECLARED_SELECTOR = YES;
				GCC_WARN_UNINITIALIZED_AUTOS = YES_AGGRESSIVE;
				GCC_WARN_UNUSED_FUNCTION = YES;
				GCC_WARN_UNUSED_VARIABLE = YES;
				IPHONEOS_DEPLOYMENT_TARGET = 16.0;
				LOCALIZATION_PREFERS_STRING_CATALOGS = YES;
				MTL_ENABLE_DEBUG_INFO = INCLUDE_SOURCE;
				MTL_FAST_MATH = YES;
				ONLY_ACTIVE_ARCH = YES;
				SDKROOT = iphoneos;
				SWIFT_ACTIVE_COMPILATION_CONDITIONS = "DEBUG $(inherited)";
				SWIFT_OPTIMIZATION_LEVEL = "-Onone";
			};
			name = Debug;
		};
		48F0179D2BD107BA002F70E5 /* Release */ = {
			isa = XCBuildConfiguration;
			buildSettings = {
				ALWAYS_SEARCH_USER_PATHS = NO;
				ASSETCATALOG_COMPILER_GENERATE_SWIFT_ASSET_SYMBOL_EXTENSIONS = YES;
				CLANG_ANALYZER_NONNULL = YES;
				CLANG_ANALYZER_NUMBER_OBJECT_CONVERSION = YES_AGGRESSIVE;
				CLANG_CXX_LANGUAGE_STANDARD = "gnu++20";
				CLANG_ENABLE_MODULES = YES;
				CLANG_ENABLE_OBJC_ARC = YES;
				CLANG_ENABLE_OBJC_WEAK = YES;
				CLANG_WARN_BLOCK_CAPTURE_AUTORELEASING = YES;
				CLANG_WARN_BOOL_CONVERSION = YES;
				CLANG_WARN_COMMA = YES;
				CLANG_WARN_CONSTANT_CONVERSION = YES;
				CLANG_WARN_DEPRECATED_OBJC_IMPLEMENTATIONS = YES;
				CLANG_WARN_DIRECT_OBJC_ISA_USAGE = YES_ERROR;
				CLANG_WARN_DOCUMENTATION_COMMENTS = YES;
				CLANG_WARN_EMPTY_BODY = YES;
				CLANG_WARN_ENUM_CONVERSION = YES;
				CLANG_WARN_INFINITE_RECURSION = YES;
				CLANG_WARN_INT_CONVERSION = YES;
				CLANG_WARN_NON_LITERAL_NULL_CONVERSION = YES;
				CLANG_WARN_OBJC_IMPLICIT_RETAIN_SELF = YES;
				CLANG_WARN_OBJC_LITERAL_CONVERSION = YES;
				CLANG_WARN_OBJC_ROOT_CLASS = YES_ERROR;
				CLANG_WARN_QUOTED_INCLUDE_IN_FRAMEWORK_HEADER = YES;
				CLANG_WARN_RANGE_LOOP_ANALYSIS = YES;
				CLANG_WARN_STRICT_PROTOTYPES = YES;
				CLANG_WARN_SUSPICIOUS_MOVE = YES;
				CLANG_WARN_UNGUARDED_AVAILABILITY = YES_AGGRESSIVE;
				CLANG_WARN_UNREACHABLE_CODE = YES;
				CLANG_WARN__DUPLICATE_METHOD_MATCH = YES;
				COPY_PHASE_STRIP = NO;
				DEBUG_INFORMATION_FORMAT = "dwarf-with-dsym";
				ENABLE_NS_ASSERTIONS = NO;
				ENABLE_STRICT_OBJC_MSGSEND = YES;
				ENABLE_USER_SCRIPT_SANDBOXING = YES;
				GCC_C_LANGUAGE_STANDARD = gnu17;
				GCC_NO_COMMON_BLOCKS = YES;
				GCC_WARN_64_TO_32_BIT_CONVERSION = YES;
				GCC_WARN_ABOUT_RETURN_TYPE = YES_ERROR;
				GCC_WARN_UNDECLARED_SELECTOR = YES;
				GCC_WARN_UNINITIALIZED_AUTOS = YES_AGGRESSIVE;
				GCC_WARN_UNUSED_FUNCTION = YES;
				GCC_WARN_UNUSED_VARIABLE = YES;
				IPHONEOS_DEPLOYMENT_TARGET = 16.0;
				LOCALIZATION_PREFERS_STRING_CATALOGS = YES;
				MTL_ENABLE_DEBUG_INFO = NO;
				MTL_FAST_MATH = YES;
				SDKROOT = iphoneos;
				SWIFT_COMPILATION_MODE = wholemodule;
				VALIDATE_PRODUCT = YES;
			};
			name = Release;
		};
		48F0179F2BD107BA002F70E5 /* Debug */ = {
			isa = XCBuildConfiguration;
			buildSettings = {
				ASSETCATALOG_COMPILER_APPICON_NAME = AppIcon;
				ASSETCATALOG_COMPILER_GLOBAL_ACCENT_COLOR_NAME = AccentColor;
				CODE_SIGN_STYLE = Automatic;
				CURRENT_PROJECT_VERSION = 1;
				DEVELOPMENT_TEAM = X5E946JK54;
				GENERATE_INFOPLIST_FILE = YES;
				INFOPLIST_FILE = millie_test/Info.plist;
				INFOPLIST_KEY_UIApplicationSupportsIndirectInputEvents = YES;
				INFOPLIST_KEY_UILaunchStoryboardName = LaunchScreen;
				INFOPLIST_KEY_UIMainStoryboardFile = Main;
				INFOPLIST_KEY_UISupportedInterfaceOrientations_iPad = "UIInterfaceOrientationPortrait UIInterfaceOrientationPortraitUpsideDown UIInterfaceOrientationLandscapeLeft UIInterfaceOrientationLandscapeRight";
				INFOPLIST_KEY_UISupportedInterfaceOrientations_iPhone = "UIInterfaceOrientationPortrait UIInterfaceOrientationLandscapeLeft UIInterfaceOrientationLandscapeRight";
				LD_RUNPATH_SEARCH_PATHS = (
					"$(inherited)",
					"@executable_path/Frameworks",
				);
				MARKETING_VERSION = 1.0;
				PRODUCT_BUNDLE_IDENTIFIER = "com.test.millie-test";
				PRODUCT_NAME = "$(TARGET_NAME)";
				SWIFT_EMIT_LOC_STRINGS = YES;
				SWIFT_VERSION = 5.0;
				TARGETED_DEVICE_FAMILY = "1,2";
			};
			name = Debug;
		};
		48F017A02BD107BA002F70E5 /* Release */ = {
			isa = XCBuildConfiguration;
			buildSettings = {
				ASSETCATALOG_COMPILER_APPICON_NAME = AppIcon;
				ASSETCATALOG_COMPILER_GLOBAL_ACCENT_COLOR_NAME = AccentColor;
				CODE_SIGN_STYLE = Automatic;
				CURRENT_PROJECT_VERSION = 1;
				DEVELOPMENT_TEAM = X5E946JK54;
				GENERATE_INFOPLIST_FILE = YES;
				INFOPLIST_FILE = millie_test/Info.plist;
				INFOPLIST_KEY_UIApplicationSupportsIndirectInputEvents = YES;
				INFOPLIST_KEY_UILaunchStoryboardName = LaunchScreen;
				INFOPLIST_KEY_UIMainStoryboardFile = Main;
				INFOPLIST_KEY_UISupportedInterfaceOrientations_iPad = "UIInterfaceOrientationPortrait UIInterfaceOrientationPortraitUpsideDown UIInterfaceOrientationLandscapeLeft UIInterfaceOrientationLandscapeRight";
				INFOPLIST_KEY_UISupportedInterfaceOrientations_iPhone = "UIInterfaceOrientationPortrait UIInterfaceOrientationLandscapeLeft UIInterfaceOrientationLandscapeRight";
				LD_RUNPATH_SEARCH_PATHS = (
					"$(inherited)",
					"@executable_path/Frameworks",
				);
				MARKETING_VERSION = 1.0;
				PRODUCT_BUNDLE_IDENTIFIER = "com.test.millie-test";
				PRODUCT_NAME = "$(TARGET_NAME)";
				SWIFT_EMIT_LOC_STRINGS = YES;
				SWIFT_VERSION = 5.0;
				TARGETED_DEVICE_FAMILY = "1,2";
			};
			name = Release;
		};
/* End XCBuildConfiguration section */

/* Begin XCConfigurationList section */
		48F017822BD107B9002F70E5 /* Build configuration list for PBXProject "millie_test" */ = {
			isa = XCConfigurationList;
			buildConfigurations = (
				48F0179C2BD107BA002F70E5 /* Debug */,
				48F0179D2BD107BA002F70E5 /* Release */,
			);
			defaultConfigurationIsVisible = 0;
			defaultConfigurationName = Release;
		};
		48F0179E2BD107BA002F70E5 /* Build configuration list for PBXNativeTarget "millie_test" */ = {
			isa = XCConfigurationList;
			buildConfigurations = (
				48F0179F2BD107BA002F70E5 /* Debug */,
				48F017A02BD107BA002F70E5 /* Release */,
			);
			defaultConfigurationIsVisible = 0;
			defaultConfigurationName = Release;
		};
/* End XCConfigurationList section */

/* Begin XCRemoteSwiftPackageReference section */
		48B470F32BD11E1B00F84018 /* XCRemoteSwiftPackageReference "RxSwift" */ = {
			isa = XCRemoteSwiftPackageReference;
			repositoryURL = "https://github.com/ReactiveX/RxSwift.git";
			requirement = {
				kind = upToNextMajorVersion;
				minimumVersion = 6.6.0;
			};
		};
		48F017A92BD10D8C002F70E5 /* XCRemoteSwiftPackageReference "ReactorKit" */ = {
			isa = XCRemoteSwiftPackageReference;
			repositoryURL = "https://github.com/ReactorKit/ReactorKit.git";
			requirement = {
				kind = upToNextMajorVersion;
				minimumVersion = 3.2.0;
			};
		};
/* End XCRemoteSwiftPackageReference section */

/* Begin XCSwiftPackageProductDependency section */
		48B470F42BD11E1B00F84018 /* RxBlocking */ = {
			isa = XCSwiftPackageProductDependency;
			package = 48B470F32BD11E1B00F84018 /* XCRemoteSwiftPackageReference "RxSwift" */;
			productName = RxBlocking;
		};
		48B470F62BD11E1B00F84018 /* RxBlocking-Dynamic */ = {
			isa = XCSwiftPackageProductDependency;
			package = 48B470F32BD11E1B00F84018 /* XCRemoteSwiftPackageReference "RxSwift" */;
			productName = "RxBlocking-Dynamic";
		};
		48B470F82BD11E1B00F84018 /* RxCocoa */ = {
			isa = XCSwiftPackageProductDependency;
			package = 48B470F32BD11E1B00F84018 /* XCRemoteSwiftPackageReference "RxSwift" */;
			productName = RxCocoa;
		};
		48B470FA2BD11E1B00F84018 /* RxCocoa-Dynamic */ = {
			isa = XCSwiftPackageProductDependency;
			package = 48B470F32BD11E1B00F84018 /* XCRemoteSwiftPackageReference "RxSwift" */;
			productName = "RxCocoa-Dynamic";
		};
		48B470FC2BD11E1B00F84018 /* RxRelay */ = {
			isa = XCSwiftPackageProductDependency;
			package = 48B470F32BD11E1B00F84018 /* XCRemoteSwiftPackageReference "RxSwift" */;
			productName = RxRelay;
		};
		48F017AA2BD10D8C002F70E5 /* ReactorKit */ = {
			isa = XCSwiftPackageProductDependency;
			package = 48F017A92BD10D8C002F70E5 /* XCRemoteSwiftPackageReference "ReactorKit" */;
			productName = ReactorKit;
		};
/* End XCSwiftPackageProductDependency section */

/* Begin XCVersionGroup section */
		48F017932BD107B9002F70E5 /* millie_test.xcdatamodeld */ = {
			isa = XCVersionGroup;
			children = (
				48F017942BD107B9002F70E5 /* millie_test.xcdatamodel */,
			);
			currentVersion = 48F017942BD107B9002F70E5 /* millie_test.xcdatamodel */;
			path = millie_test.xcdatamodeld;
			sourceTree = "<group>";
			versionGroupType = wrapper.xcdatamodel;
		};
/* End XCVersionGroup section */
	};
	rootObject = 48F0177F2BD107B9002F70E5 /* Project object */;
}
